
Microsoft Visual Studio Solution File, Format Version 12.00
# Visual Studio Version 17
VisualStudioVersion = 17.3.32804.467
MinimumVisualStudioVersion = 10.0.40219.1
Project("{9A19103F-16F7-4668-BE54-9A1E7A4F7556}") = "CodecoolAdvanced", "CodecoolAdvanced.csproj", "{1CBDC6EB-5096-4EDA-8796-1E5E12E40C0B}"
EndProject
Project("{FAE04EC0-301F-11D3-BF4B-00C04F79EFBC}") = "TestProject", "..\TestProject\TestProject.csproj", "{2DB9BA04-6BD6-463A-B22A-344B86C2AF7A}"
EndProject
Global
	GlobalSection(SolutionConfigurationPlatforms) = preSolution
		Debug|Any CPU = Debug|Any CPU
		Release|Any CPU = Release|Any CPU
	EndGlobalSection
	GlobalSection(ProjectConfigurationPlatforms) = postSolution
		{1CBDC6EB-5096-4EDA-8796-1E5E12E40C0B}.Debug|Any CPU.ActiveCfg = Debug|Any CPU
		{1CBDC6EB-5096-4EDA-8796-1E5E12E40C0B}.Debug|Any CPU.Build.0 = Debug|Any CPU
		{1CBDC6EB-5096-4EDA-8796-1E5E12E40C0B}.Release|Any CPU.ActiveCfg = Release|Any CPU
		{1CBDC6EB-5096-4EDA-8796-1E5E12E40C0B}.Release|Any CPU.Build.0 = Release|Any CPU
		{2DB9BA04-6BD6-463A-B22A-344B86C2AF7A}.Debug|Any CPU.ActiveCfg = Debug|Any CPU
		{2DB9BA04-6BD6-463A-B22A-344B86C2AF7A}.Debug|Any CPU.Build.0 = Debug|Any CPU
		{2DB9BA04-6BD6-463A-B22A-344B86C2AF7A}.Release|Any CPU.ActiveCfg = Release|Any CPU
		{2DB9BA04-6BD6-463A-B22A-344B86C2AF7A}.Release|Any CPU.Build.0 = Release|Any CPU
	EndGlobalSection
	GlobalSection(SolutionProperties) = preSolution
		HideSolutionNode = FALSE
	EndGlobalSection
	GlobalSection(ExtensibilityGlobals) = postSolution
		SolutionGuid = {6D535D57-13C4-40ED-8825-377219DA9B11}
	EndGlobalSection
EndGlobal
