
Microsoft Visual Studio Solution File, Format Version 12.00
# Visual Studio Version 17
VisualStudioVersion = 17.3.32804.467
MinimumVisualStudioVersion = 10.0.40219.1
Project("{FAE04EC0-301F-11D3-BF4B-00C04F79EFBC}") = "InfluencerStudio", "InfluencerStudio.csproj", "{107D5AEF-ECBA-4A1C-BB8B-351D41F2FDBE}"
EndProject
Global
	GlobalSection(SolutionConfigurationPlatforms) = preSolution
		Debug|Any CPU = Debug|Any CPU
		Release|Any CPU = Release|Any CPU
	EndGlobalSection
	GlobalSection(ProjectConfigurationPlatforms) = postSolution
		{107D5AEF-ECBA-4A1C-BB8B-351D41F2FDBE}.Debug|Any CPU.ActiveCfg = Debug|Any CPU
		{107D5AEF-ECBA-4A1C-BB8B-351D41F2FDBE}.Debug|Any CPU.Build.0 = Debug|Any CPU
		{107D5AEF-ECBA-4A1C-BB8B-351D41F2FDBE}.Release|Any CPU.ActiveCfg = Release|Any CPU
		{107D5AEF-ECBA-4A1C-BB8B-351D41F2FDBE}.Release|Any CPU.Build.0 = Release|Any CPU
	EndGlobalSection
	GlobalSection(SolutionProperties) = preSolution
		HideSolutionNode = FALSE
	EndGlobalSection
	GlobalSection(ExtensibilityGlobals) = postSolution
		SolutionGuid = {96B68D84-7AE9-4F14-866C-F8F2CFCF8AFC}
	EndGlobalSection
EndGlobal
